
Microsoft Visual Studio Solution File, Format Version 12.00
# Visual Studio 2012
Project("{FAE04EC0-301F-11D3-BF4B-00C04F79EFBC}") = "ABBConnectSimulator", "WindowsFormsApplication1\ABBConnectSimulator.csproj", "{ED163867-8824-4A00-88FB-A09AE2B27C5B}"
EndProject
Global
	GlobalSection(SolutionConfigurationPlatforms) = preSolution
		Debug|Any CPU = Debug|Any CPU
		Release|Any CPU = Release|Any CPU
	EndGlobalSection
	GlobalSection(ProjectConfigurationPlatforms) = postSolution
		{ED163867-8824-4A00-88FB-A09AE2B27C5B}.Debug|Any CPU.ActiveCfg = Debug|Any CPU
		{ED163867-8824-4A00-88FB-A09AE2B27C5B}.Debug|Any CPU.Build.0 = Debug|Any CPU
		{ED163867-8824-4A00-88FB-A09AE2B27C5B}.Release|Any CPU.ActiveCfg = Release|Any CPU
		{ED163867-8824-4A00-88FB-A09AE2B27C5B}.Release|Any CPU.Build.0 = Release|Any CPU
	EndGlobalSection
	GlobalSection(SolutionProperties) = preSolution
		HideSolutionNode = FALSE
	EndGlobalSection
EndGlobal
