
Microsoft Visual Studio Solution File, Format Version 12.00
# Visual Studio 2012
Project("{E24C65DC-7377-472B-9ABA-BC803B73C61A}") = "ABBConnect.Web", ".", "{2D361295-B70C-4F35-83AB-99DADC08DBCE}"
	ProjectSection(WebsiteProperties) = preProject
		TargetFrameworkMoniker = ".NETFramework,Version%3Dv4.5"
		Debug.AspNetCompiler.VirtualPath = "/ABBConnect.Web"
		Debug.AspNetCompiler.PhysicalPath = "..\ABBConnect.Web\"
		Debug.AspNetCompiler.TargetPath = "PrecompiledWeb\ABBConnect.Web\"
		Debug.AspNetCompiler.Updateable = "true"
		Debug.AspNetCompiler.ForceOverwrite = "true"
		Debug.AspNetCompiler.FixedNames = "false"
		Debug.AspNetCompiler.Debug = "True"
		Release.AspNetCompiler.VirtualPath = "/ABBConnect.Web"
		Release.AspNetCompiler.PhysicalPath = "..\ABBConnect.Web\"
		Release.AspNetCompiler.TargetPath = "PrecompiledWeb\ABBConnect.Web\"
		Release.AspNetCompiler.Updateable = "true"
		Release.AspNetCompiler.ForceOverwrite = "true"
		Release.AspNetCompiler.FixedNames = "false"
		Release.AspNetCompiler.Debug = "False"
		VWDPort = "53644"
	EndProjectSection
EndProject
Global
	GlobalSection(SolutionConfigurationPlatforms) = preSolution
		Debug|Any CPU = Debug|Any CPU
	EndGlobalSection
	GlobalSection(ProjectConfigurationPlatforms) = postSolution
		{2D361295-B70C-4F35-83AB-99DADC08DBCE}.Debug|Any CPU.ActiveCfg = Debug|Any CPU
		{2D361295-B70C-4F35-83AB-99DADC08DBCE}.Debug|Any CPU.Build.0 = Debug|Any CPU
	EndGlobalSection
	GlobalSection(SolutionProperties) = preSolution
		HideSolutionNode = FALSE
	EndGlobalSection
EndGlobal
