
Microsoft Visual Studio Solution File, Format Version 12.00
# Visual Studio 2012
Project("{FAE04EC0-301F-11D3-BF4B-00C04F79EFBC}") = "ABBJSONService", "ABBJSONService\ABBJSONService.csproj", "{7B2D4E56-597E-4D43-8719-D29803F9F972}"
EndProject
Global
	GlobalSection(SolutionConfigurationPlatforms) = preSolution
		Debug|Any CPU = Debug|Any CPU
		Release|Any CPU = Release|Any CPU
	EndGlobalSection
	GlobalSection(ProjectConfigurationPlatforms) = postSolution
		{7B2D4E56-597E-4D43-8719-D29803F9F972}.Debug|Any CPU.ActiveCfg = Debug|Any CPU
		{7B2D4E56-597E-4D43-8719-D29803F9F972}.Debug|Any CPU.Build.0 = Debug|Any CPU
		{7B2D4E56-597E-4D43-8719-D29803F9F972}.Release|Any CPU.ActiveCfg = Release|Any CPU
		{7B2D4E56-597E-4D43-8719-D29803F9F972}.Release|Any CPU.Build.0 = Release|Any CPU
	EndGlobalSection
	GlobalSection(SolutionProperties) = preSolution
		HideSolutionNode = FALSE
	EndGlobalSection
EndGlobal
